
Microsoft Visual Studio Solution File, Format Version 12.00
# Visual Studio Version 17
VisualStudioVersion = 17.7.34003.232
MinimumVisualStudioVersion = 10.0.40219.1
Project("{FAE04EC0-301F-11D3-BF4B-00C04F79EFBC}") = "IntegrateAPI", "IntegrateAPI\IntegrateAPI.csproj", "{38B26C76-C4B6-46EE-AC47-CD1F7AC402FB}"
EndProject
Global
	GlobalSection(SolutionConfigurationPlatforms) = preSolution
		Debug|Any CPU = Debug|Any CPU
		Release|Any CPU = Release|Any CPU
	EndGlobalSection
	GlobalSection(ProjectConfigurationPlatforms) = postSolution
		{38B26C76-C4B6-46EE-AC47-CD1F7AC402FB}.Debug|Any CPU.ActiveCfg = Debug|Any CPU
		{38B26C76-C4B6-46EE-AC47-CD1F7AC402FB}.Debug|Any CPU.Build.0 = Debug|Any CPU
		{38B26C76-C4B6-46EE-AC47-CD1F7AC402FB}.Release|Any CPU.ActiveCfg = Release|Any CPU
		{38B26C76-C4B6-46EE-AC47-CD1F7AC402FB}.Release|Any CPU.Build.0 = Release|Any CPU
	EndGlobalSection
	GlobalSection(SolutionProperties) = preSolution
		HideSolutionNode = FALSE
	EndGlobalSection
	GlobalSection(ExtensibilityGlobals) = postSolution
		SolutionGuid = {A2359793-50A3-4D7B-ACEA-A7B9A7C99C23}
	EndGlobalSection
EndGlobal
